
Microsoft Visual Studio Solution File, Format Version 12.00
# Visual Studio Version 16
VisualStudioVersion = 16.0.30517.126
MinimumVisualStudioVersion = 10.0.40219.1
Project("{FAE04EC0-301F-11D3-BF4B-00C04F79EFBC}") = "SnakeOOP1", "SnakeOOP1\SnakeOOP1.csproj", "{A16F3F8C-E438-4290-B1CB-881231C78D8E}"
EndProject
Global
	GlobalSection(SolutionConfigurationPlatforms) = preSolution
		Debug|Any CPU = Debug|Any CPU
		Release|Any CPU = Release|Any CPU
	EndGlobalSection
	GlobalSection(ProjectConfigurationPlatforms) = postSolution
		{A16F3F8C-E438-4290-B1CB-881231C78D8E}.Debug|Any CPU.ActiveCfg = Debug|Any CPU
		{A16F3F8C-E438-4290-B1CB-881231C78D8E}.Debug|Any CPU.Build.0 = Debug|Any CPU
		{A16F3F8C-E438-4290-B1CB-881231C78D8E}.Release|Any CPU.ActiveCfg = Release|Any CPU
		{A16F3F8C-E438-4290-B1CB-881231C78D8E}.Release|Any CPU.Build.0 = Release|Any CPU
	EndGlobalSection
	GlobalSection(SolutionProperties) = preSolution
		HideSolutionNode = FALSE
	EndGlobalSection
	GlobalSection(ExtensibilityGlobals) = postSolution
		SolutionGuid = {CD36DA7F-FBF7-4FA0-B86B-911F38AE5ED1}
	EndGlobalSection
EndGlobal
